
Microsoft Visual Studio Solution File, Format Version 12.00
Project("{FAE04EC0-301F-11D3-BF4B-00C04F79EFBC}") = "ImageCreator.Business", "ImageCreator.Business\ImageCreator.Business.csproj", "{752417C5-073A-479B-A155-9823FEE4EA88}"
EndProject
Global
	GlobalSection(SolutionConfigurationPlatforms) = preSolution
		Debug|Any CPU = Debug|Any CPU
		Release|Any CPU = Release|Any CPU
	EndGlobalSection
	GlobalSection(ProjectConfigurationPlatforms) = postSolution
		{752417C5-073A-479B-A155-9823FEE4EA88}.Debug|Any CPU.ActiveCfg = Debug|Any CPU
		{752417C5-073A-479B-A155-9823FEE4EA88}.Debug|Any CPU.Build.0 = Debug|Any CPU
		{752417C5-073A-479B-A155-9823FEE4EA88}.Release|Any CPU.ActiveCfg = Release|Any CPU
		{752417C5-073A-479B-A155-9823FEE4EA88}.Release|Any CPU.Build.0 = Release|Any CPU
	EndGlobalSection
EndGlobal
